// !$*UTF8*$!
{
	archiveVersion = 1;
	classes = {
	};
	objectVersion = 56;
	objects = {

/* Begin PBXBuildFile section */
		100704F129B85DEA0061DF82 /* DetailsViewController.swift in Sources */ = {isa = PBXBuildFile; fileRef = 100704F029B85DEA0061DF82 /* DetailsViewController.swift */; };
		100704F329B8687F0061DF82 /* DetailsCollectionViewCell.swift in Sources */ = {isa = PBXBuildFile; fileRef = 100704F229B8687F0061DF82 /* DetailsCollectionViewCell.swift */; };
		100704F529B870280061DF82 /* UIView+Ext.swift in Sources */ = {isa = PBXBuildFile; fileRef = 100704F429B870280061DF82 /* UIView+Ext.swift */; };
		100704F729BB92930061DF82 /* UICollectionView.swift in Sources */ = {isa = PBXBuildFile; fileRef = 100704F629BB92930061DF82 /* UICollectionView.swift */; };
		100704FD29BE4A440061DF82 /* PresentencyManager.swift in Sources */ = {isa = PBXBuildFile; fileRef = 100704FC29BE4A440061DF82 /* PresentencyManager.swift */; };
		1007050029C04CF00061DF82 /* AlertVC.swift in Sources */ = {isa = PBXBuildFile; fileRef = 100704FF29C04CF00061DF82 /* AlertVC.swift */; };
		1007050229C04D3D0061DF82 /* AlertContainerView.swift in Sources */ = {isa = PBXBuildFile; fileRef = 1007050129C04D3D0061DF82 /* AlertContainerView.swift */; };
		1007050529C04D8C0061DF82 /* EmptyStateView.swift in Sources */ = {isa = PBXBuildFile; fileRef = 1007050429C04D8C0061DF82 /* EmptyStateView.swift */; };
		1007050729C04DBC0061DF82 /* Constants.swift in Sources */ = {isa = PBXBuildFile; fileRef = 1007050629C04DBC0061DF82 /* Constants.swift */; };
		1007050929C054CE0061DF82 /* Button.swift in Sources */ = {isa = PBXBuildFile; fileRef = 1007050829C054CE0061DF82 /* Button.swift */; };
		1007050C29C05DB40061DF82 /* UIVC+Ext.swift in Sources */ = {isa = PBXBuildFile; fileRef = 1007050B29C05DB40061DF82 /* UIVC+Ext.swift */; };
		1007050E29C05F130061DF82 /* AdkarFavoritesListVC.swift in Sources */ = {isa = PBXBuildFile; fileRef = 1007050D29C05F130061DF82 /* AdkarFavoritesListVC.swift */; };
		1007051029C069F60061DF82 /* DataLoading.swift in Sources */ = {isa = PBXBuildFile; fileRef = 1007050F29C069F60061DF82 /* DataLoading.swift */; };
		1007051229C06B6A0061DF82 /* AdkarFavoriteCell.swift in Sources */ = {isa = PBXBuildFile; fileRef = 1007051129C06B6A0061DF82 /* AdkarFavoriteCell.swift */; };
		1007051B29C728560061DF82 /* SchedulerNotificationViewController.swift in Sources */ = {isa = PBXBuildFile; fileRef = 1007051A29C728560061DF82 /* SchedulerNotificationViewController.swift */; };
		1007051E29C72C2C0061DF82 /* String+Ext.swift in Sources */ = {isa = PBXBuildFile; fileRef = 1007051D29C72C2B0061DF82 /* String+Ext.swift */; };
		1007052029C7328B0061DF82 /* NotificationManager.swift in Sources */ = {isa = PBXBuildFile; fileRef = 1007051F29C7328B0061DF82 /* NotificationManager.swift */; };
		10110DEA29D7C55A00A087E7 /* AboutViewController.swift in Sources */ = {isa = PBXBuildFile; fileRef = 10110DE929D7C55A00A087E7 /* AboutViewController.swift */; };
		102E72A529B286E700989610 /* HSMViewModel.swift in Sources */ = {isa = PBXBuildFile; fileRef = 102E72A429B286E700989610 /* HSMViewModel.swift */; };
		102E72A729B3886A00989610 /* hisnul_muslim.json in Resources */ = {isa = PBXBuildFile; fileRef = 102E72A629B3886A00989610 /* hisnul_muslim.json */; };
		102E72A929B3BEE400989610 /* MainTabBarController.swift in Sources */ = {isa = PBXBuildFile; fileRef = 102E72A829B3BEE400989610 /* MainTabBarController.swift */; };
		102E72AB29B3C1F900989610 /* SettingsViewController.swift in Sources */ = {isa = PBXBuildFile; fileRef = 102E72AA29B3C1F900989610 /* SettingsViewController.swift */; };
		102E72AE29B4466A00989610 /* HisnulMuslimCell.swift in Sources */ = {isa = PBXBuildFile; fileRef = 102E72AD29B4466A00989610 /* HisnulMuslimCell.swift */; };
		102E72B129B4469200989610 /* Label.swift in Sources */ = {isa = PBXBuildFile; fileRef = 102E72B029B4469200989610 /* Label.swift */; };
		102E72B429B51DFF00989610 /*  UITableView+Ext.swift in Sources */ = {isa = PBXBuildFile; fileRef = 102E72B329B51DFF00989610 /*  UITableView+Ext.swift */; };
		107A4511299821FE0095413D /* AppDelegate.swift in Sources */ = {isa = PBXBuildFile; fileRef = 107A4510299821FE0095413D /* AppDelegate.swift */; };
		107A4513299821FE0095413D /* SceneDelegate.swift in Sources */ = {isa = PBXBuildFile; fileRef = 107A4512299821FE0095413D /* SceneDelegate.swift */; };
		107A4515299821FE0095413D /* HomeViewController.swift in Sources */ = {isa = PBXBuildFile; fileRef = 107A4514299821FE0095413D /* HomeViewController.swift */; };
		107A451A299821FF0095413D /* Assets.xcassets in Resources */ = {isa = PBXBuildFile; fileRef = 107A4519299821FF0095413D /* Assets.xcassets */; };
		107A451D299821FF0095413D /* LaunchScreen.storyboard in Resources */ = {isa = PBXBuildFile; fileRef = 107A451B299821FF0095413D /* LaunchScreen.storyboard */; };
		10A5E07C29CB78CC0001316C /* CoreDataHelper.swift in Sources */ = {isa = PBXBuildFile; fileRef = 10A5E07B29CB78CC0001316C /* CoreDataHelper.swift */; };
		10A5E07F29CB814B0001316C /* HSMSchedulerNotifications.xcdatamodeld in Sources */ = {isa = PBXBuildFile; fileRef = 10A5E07D29CB814B0001316C /* HSMSchedulerNotifications.xcdatamodeld */; };
		10A5E08129CCAAB80001316C /* HSMSchedulerModel.swift in Sources */ = {isa = PBXBuildFile; fileRef = 10A5E08029CCAAB80001316C /* HSMSchedulerModel.swift */; };
		10A5E08329CCAD260001316C /* HSMSchedulersViewModel.swift in Sources */ = {isa = PBXBuildFile; fileRef = 10A5E08229CCAD260001316C /* HSMSchedulersViewModel.swift */; };
		10A5E08529CDB6620001316C /* SettingsCell.swift in Sources */ = {isa = PBXBuildFile; fileRef = 10A5E08429CDB6620001316C /* SettingsCell.swift */; };
		10A5E08929CDC60F0001316C /* TableViewHeader.swift in Sources */ = {isa = PBXBuildFile; fileRef = 10A5E08829CDC60F0001316C /* TableViewHeader.swift */; };
		10A5E08B29CE299B0001316C /* SchedulersListVC.swift in Sources */ = {isa = PBXBuildFile; fileRef = 10A5E08A29CE299B0001316C /* SchedulersListVC.swift */; };
		10A5E08D29CE2AC20001316C /* SchedulersListCell.swift in Sources */ = {isa = PBXBuildFile; fileRef = 10A5E08C29CE2AC20001316C /* SchedulersListCell.swift */; };
		10DEFA4029B25B6C008801B7 /* HisnulmuslimModel.swift in Sources */ = {isa = PBXBuildFile; fileRef = 10DEFA3F29B25B6C008801B7 /* HisnulmuslimModel.swift */; };
		10DEFA4229B25BCF008801B7 /* Content.swift in Sources */ = {isa = PBXBuildFile; fileRef = 10DEFA4129B25BCF008801B7 /* Content.swift */; };
		10DEFA4429B25BE6008801B7 /* Page.swift in Sources */ = {isa = PBXBuildFile; fileRef = 10DEFA4329B25BE6008801B7 /* Page.swift */; };
		10FE0F5D299F4F5D0024EDEA /* Bundle+Ext.swift in Sources */ = {isa = PBXBuildFile; fileRef = 10FE0F5C299F4F5D0024EDEA /* Bundle+Ext.swift */; };
/* End PBXBuildFile section */

/* Begin PBXFileReference section */
		100704F029B85DEA0061DF82 /* DetailsViewController.swift */ = {isa = PBXFileReference; lastKnownFileType = sourcecode.swift; path = DetailsViewController.swift; sourceTree = "<group>"; };
		100704F229B8687F0061DF82 /* DetailsCollectionViewCell.swift */ = {isa = PBXFileReference; lastKnownFileType = sourcecode.swift; path = DetailsCollectionViewCell.swift; sourceTree = "<group>"; };
		100704F429B870280061DF82 /* UIView+Ext.swift */ = {isa = PBXFileReference; lastKnownFileType = sourcecode.swift; path = "UIView+Ext.swift"; sourceTree = "<group>"; };
		100704F629BB92930061DF82 /* UICollectionView.swift */ = {isa = PBXFileReference; lastKnownFileType = sourcecode.swift; path = UICollectionView.swift; sourceTree = "<group>"; };
		100704FC29BE4A440061DF82 /* PresentencyManager.swift */ = {isa = PBXFileReference; lastKnownFileType = sourcecode.swift; path = PresentencyManager.swift; sourceTree = "<group>"; };
		100704FF29C04CF00061DF82 /* AlertVC.swift */ = {isa = PBXFileReference; lastKnownFileType = sourcecode.swift; path = AlertVC.swift; sourceTree = "<group>"; };
		1007050129C04D3D0061DF82 /* AlertContainerView.swift */ = {isa = PBXFileReference; lastKnownFileType = sourcecode.swift; path = AlertContainerView.swift; sourceTree = "<group>"; };
		1007050429C04D8C0061DF82 /* EmptyStateView.swift */ = {isa = PBXFileReference; lastKnownFileType = sourcecode.swift; path = EmptyStateView.swift; sourceTree = "<group>"; };
		1007050629C04DBC0061DF82 /* Constants.swift */ = {isa = PBXFileReference; lastKnownFileType = sourcecode.swift; path = Constants.swift; sourceTree = "<group>"; };
		1007050829C054CE0061DF82 /* Button.swift */ = {isa = PBXFileReference; lastKnownFileType = sourcecode.swift; path = Button.swift; sourceTree = "<group>"; };
		1007050B29C05DB40061DF82 /* UIVC+Ext.swift */ = {isa = PBXFileReference; lastKnownFileType = sourcecode.swift; path = "UIVC+Ext.swift"; sourceTree = "<group>"; };
		1007050D29C05F130061DF82 /* AdkarFavoritesListVC.swift */ = {isa = PBXFileReference; lastKnownFileType = sourcecode.swift; path = AdkarFavoritesListVC.swift; sourceTree = "<group>"; };
		1007050F29C069F60061DF82 /* DataLoading.swift */ = {isa = PBXFileReference; lastKnownFileType = sourcecode.swift; path = DataLoading.swift; sourceTree = "<group>"; };
		1007051129C06B6A0061DF82 /* AdkarFavoriteCell.swift */ = {isa = PBXFileReference; lastKnownFileType = sourcecode.swift; path = AdkarFavoriteCell.swift; sourceTree = "<group>"; };
		1007051A29C728560061DF82 /* SchedulerNotificationViewController.swift */ = {isa = PBXFileReference; lastKnownFileType = sourcecode.swift; path = SchedulerNotificationViewController.swift; sourceTree = "<group>"; };
		1007051C29C72C1B0061DF82 /* Hisnul Muslim.entitlements */ = {isa = PBXFileReference; lastKnownFileType = text.plist.entitlements; path = "Hisnul Muslim.entitlements"; sourceTree = "<group>"; };
		1007051D29C72C2B0061DF82 /* String+Ext.swift */ = {isa = PBXFileReference; lastKnownFileType = sourcecode.swift; path = "String+Ext.swift"; sourceTree = "<group>"; };
		1007051F29C7328B0061DF82 /* NotificationManager.swift */ = {isa = PBXFileReference; lastKnownFileType = sourcecode.swift; path = NotificationManager.swift; sourceTree = "<group>"; };
		10110DE929D7C55A00A087E7 /* AboutViewController.swift */ = {isa = PBXFileReference; lastKnownFileType = sourcecode.swift; path = AboutViewController.swift; sourceTree = "<group>"; };
		102E72A429B286E700989610 /* HSMViewModel.swift */ = {isa = PBXFileReference; lastKnownFileType = sourcecode.swift; path = HSMViewModel.swift; sourceTree = "<group>"; };
		102E72A629B3886A00989610 /* hisnul_muslim.json */ = {isa = PBXFileReference; fileEncoding = 4; lastKnownFileType = text.json; path = hisnul_muslim.json; sourceTree = "<group>"; };
		102E72A829B3BEE400989610 /* MainTabBarController.swift */ = {isa = PBXFileReference; lastKnownFileType = sourcecode.swift; path = MainTabBarController.swift; sourceTree = "<group>"; };
		102E72AA29B3C1F900989610 /* SettingsViewController.swift */ = {isa = PBXFileReference; lastKnownFileType = sourcecode.swift; path = SettingsViewController.swift; sourceTree = "<group>"; };
		102E72AD29B4466A00989610 /* HisnulMuslimCell.swift */ = {isa = PBXFileReference; lastKnownFileType = sourcecode.swift; path = HisnulMuslimCell.swift; sourceTree = "<group>"; };
		102E72B029B4469200989610 /* Label.swift */ = {isa = PBXFileReference; lastKnownFileType = sourcecode.swift; path = Label.swift; sourceTree = "<group>"; };
		102E72B329B51DFF00989610 /*  UITableView+Ext.swift */ = {isa = PBXFileReference; lastKnownFileType = sourcecode.swift; path = " UITableView+Ext.swift"; sourceTree = "<group>"; };
		107A450D299821FE0095413D /* Hisnul Muslim.app */ = {isa = PBXFileReference; explicitFileType = wrapper.application; includeInIndex = 0; path = "Hisnul Muslim.app"; sourceTree = BUILT_PRODUCTS_DIR; };
		107A4510299821FE0095413D /* AppDelegate.swift */ = {isa = PBXFileReference; lastKnownFileType = sourcecode.swift; path = AppDelegate.swift; sourceTree = "<group>"; };
		107A4512299821FE0095413D /* SceneDelegate.swift */ = {isa = PBXFileReference; lastKnownFileType = sourcecode.swift; path = SceneDelegate.swift; sourceTree = "<group>"; };
		107A4514299821FE0095413D /* HomeViewController.swift */ = {isa = PBXFileReference; lastKnownFileType = sourcecode.swift; path = HomeViewController.swift; sourceTree = "<group>"; };
		107A4519299821FF0095413D /* Assets.xcassets */ = {isa = PBXFileReference; lastKnownFileType = folder.assetcatalog; path = Assets.xcassets; sourceTree = "<group>"; };
		107A451C299821FF0095413D /* Base */ = {isa = PBXFileReference; lastKnownFileType = file.storyboard; name = Base; path = Base.lproj/LaunchScreen.storyboard; sourceTree = "<group>"; };
		107A451E299821FF0095413D /* Info.plist */ = {isa = PBXFileReference; lastKnownFileType = text.plist.xml; path = Info.plist; sourceTree = "<group>"; };
		10A5E07B29CB78CC0001316C /* CoreDataHelper.swift */ = {isa = PBXFileReference; lastKnownFileType = sourcecode.swift; path = CoreDataHelper.swift; sourceTree = "<group>"; };
		10A5E07E29CB814B0001316C /* HSMSchedulerNotifications.xcdatamodel */ = {isa = PBXFileReference; lastKnownFileType = wrapper.xcdatamodel; path = HSMSchedulerNotifications.xcdatamodel; sourceTree = "<group>"; };
		10A5E08029CCAAB80001316C /* HSMSchedulerModel.swift */ = {isa = PBXFileReference; lastKnownFileType = sourcecode.swift; path = HSMSchedulerModel.swift; sourceTree = "<group>"; };
		10A5E08229CCAD260001316C /* HSMSchedulersViewModel.swift */ = {isa = PBXFileReference; lastKnownFileType = sourcecode.swift; path = HSMSchedulersViewModel.swift; sourceTree = "<group>"; };
		10A5E08429CDB6620001316C /* SettingsCell.swift */ = {isa = PBXFileReference; lastKnownFileType = sourcecode.swift; path = SettingsCell.swift; sourceTree = "<group>"; };
		10A5E08829CDC60F0001316C /* TableViewHeader.swift */ = {isa = PBXFileReference; lastKnownFileType = sourcecode.swift; path = TableViewHeader.swift; sourceTree = "<group>"; };
		10A5E08A29CE299B0001316C /* SchedulersListVC.swift */ = {isa = PBXFileReference; lastKnownFileType = sourcecode.swift; path = SchedulersListVC.swift; sourceTree = "<group>"; };
		10A5E08C29CE2AC20001316C /* SchedulersListCell.swift */ = {isa = PBXFileReference; lastKnownFileType = sourcecode.swift; path = SchedulersListCell.swift; sourceTree = "<group>"; };
		10DEFA3F29B25B6C008801B7 /* HisnulmuslimModel.swift */ = {isa = PBXFileReference; lastKnownFileType = sourcecode.swift; path = HisnulmuslimModel.swift; sourceTree = "<group>"; };
		10DEFA4129B25BCF008801B7 /* Content.swift */ = {isa = PBXFileReference; lastKnownFileType = sourcecode.swift; path = Content.swift; sourceTree = "<group>"; };
		10DEFA4329B25BE6008801B7 /* Page.swift */ = {isa = PBXFileReference; lastKnownFileType = sourcecode.swift; path = Page.swift; sourceTree = "<group>"; };
		10FE0F5C299F4F5D0024EDEA /* Bundle+Ext.swift */ = {isa = PBXFileReference; lastKnownFileType = sourcecode.swift; path = "Bundle+Ext.swift"; sourceTree = "<group>"; };
/* End PBXFileReference section */

/* Begin PBXFrameworksBuildPhase section */
		107A450A299821FE0095413D /* Frameworks */ = {
			isa = PBXFrameworksBuildPhase;
			buildActionMask = 2147483647;
			files = (
			);
			runOnlyForDeploymentPostprocessing = 0;
		};
/* End PBXFrameworksBuildPhase section */

/* Begin PBXGroup section */
		100704FB29BE456A0061DF82 /* Helpers */ = {
			isa = PBXGroup;
			children = (
				100704FC29BE4A440061DF82 /* PresentencyManager.swift */,
				1007050629C04DBC0061DF82 /* Constants.swift */,
				1007051F29C7328B0061DF82 /* NotificationManager.swift */,
				10A5E07B29CB78CC0001316C /* CoreDataHelper.swift */,
			);
			path = Helpers;
			sourceTree = "<group>";
		};
		100704FE29C04CDB0061DF82 /* CustomVC */ = {
			isa = PBXGroup;
			children = (
				100704FF29C04CF00061DF82 /* AlertVC.swift */,
			);
			name = CustomVC;
			sourceTree = "<group>";
		};
		1007050329C04D710061DF82 /* Views */ = {
			isa = PBXGroup;
			children = (
				1007050129C04D3D0061DF82 /* AlertContainerView.swift */,
				1007050429C04D8C0061DF82 /* EmptyStateView.swift */,
				1007050F29C069F60061DF82 /* DataLoading.swift */,
				10A5E08829CDC60F0001316C /* TableViewHeader.swift */,
			);
			path = Views;
			sourceTree = "<group>";
		};
		1007050A29C054D20061DF82 /* Button */ = {
			isa = PBXGroup;
			children = (
				1007050829C054CE0061DF82 /* Button.swift */,
			);
			path = Button;
			sourceTree = "<group>";
		};
		102E72A329B286C900989610 /* View Model */ = {
			isa = PBXGroup;
			children = (
				102E72A429B286E700989610 /* HSMViewModel.swift */,
				10A5E08229CCAD260001316C /* HSMSchedulersViewModel.swift */,
			);
			path = "View Model";
			sourceTree = "<group>";
		};
		102E72AC29B3C20000989610 /* Main */ = {
			isa = PBXGroup;
			children = (
				107A4514299821FE0095413D /* HomeViewController.swift */,
				102E72AA29B3C1F900989610 /* SettingsViewController.swift */,
				100704F029B85DEA0061DF82 /* DetailsViewController.swift */,
				1007051A29C728560061DF82 /* SchedulerNotificationViewController.swift */,
				10A5E08A29CE299B0001316C /* SchedulersListVC.swift */,
				1007050D29C05F130061DF82 /* AdkarFavoritesListVC.swift */,
				10110DE929D7C55A00A087E7 /* AboutViewController.swift */,
			);
			path = Main;
			sourceTree = "<group>";
		};
		102E72AF29B4466D00989610 /* Cell */ = {
			isa = PBXGroup;
			children = (
				102E72AD29B4466A00989610 /* HisnulMuslimCell.swift */,
				100704F229B8687F0061DF82 /* DetailsCollectionViewCell.swift */,
				1007051129C06B6A0061DF82 /* AdkarFavoriteCell.swift */,
				10A5E08C29CE2AC20001316C /* SchedulersListCell.swift */,
				10A5E08429CDB6620001316C /* SettingsCell.swift */,
			);
			path = Cell;
			sourceTree = "<group>";
		};
		102E72B229B44B1500989610 /* Label */ = {
			isa = PBXGroup;
			children = (
				102E72B029B4469200989610 /* Label.swift */,
			);
			path = Label;
			sourceTree = "<group>";
		};
		107A4504299821FE0095413D = {
			isa = PBXGroup;
			children = (
				10A5E07D29CB814B0001316C /* HSMSchedulerNotifications.xcdatamodeld */,
				107A450F299821FE0095413D /* Hisnul Muslim */,
				107A450E299821FE0095413D /* Products */,
			);
			sourceTree = "<group>";
		};
		107A450E299821FE0095413D /* Products */ = {
			isa = PBXGroup;
			children = (
				107A450D299821FE0095413D /* Hisnul Muslim.app */,
			);
			name = Products;
			sourceTree = "<group>";
		};
		107A450F299821FE0095413D /* Hisnul Muslim */ = {
			isa = PBXGroup;
			children = (
				1007051C29C72C1B0061DF82 /* Hisnul Muslim.entitlements */,
				100704FB29BE456A0061DF82 /* Helpers */,
				10FE0F5F299F604C0024EDEA /* Extentions */,
				10FE0F60299F60560024EDEA /* Models */,
				102E72A329B286C900989610 /* View Model */,
				10FE0F61299F606B0024EDEA /* Views */,
				10FE0F5E299F60350024EDEA /* Resources */,
				107A451E299821FF0095413D /* Info.plist */,
			);
			path = "Hisnul Muslim";
			sourceTree = "<group>";
		};
		10FE0F5E299F60350024EDEA /* Resources */ = {
			isa = PBXGroup;
			children = (
				102E72A629B3886A00989610 /* hisnul_muslim.json */,
				107A4510299821FE0095413D /* AppDelegate.swift */,
				107A4512299821FE0095413D /* SceneDelegate.swift */,
				107A4519299821FF0095413D /* Assets.xcassets */,
				107A451B299821FF0095413D /* LaunchScreen.storyboard */,
			);
			path = Resources;
			sourceTree = "<group>";
		};
		10FE0F5F299F604C0024EDEA /* Extentions */ = {
			isa = PBXGroup;
			children = (
				10FE0F5C299F4F5D0024EDEA /* Bundle+Ext.swift */,
				102E72B329B51DFF00989610 /*  UITableView+Ext.swift */,
				100704F629BB92930061DF82 /* UICollectionView.swift */,
				100704F429B870280061DF82 /* UIView+Ext.swift */,
				1007051D29C72C2B0061DF82 /* String+Ext.swift */,
				1007050B29C05DB40061DF82 /* UIVC+Ext.swift */,
			);
			path = Extentions;
			sourceTree = "<group>";
		};
		10FE0F60299F60560024EDEA /* Models */ = {
			isa = PBXGroup;
			children = (
				10DEFA3F29B25B6C008801B7 /* HisnulmuslimModel.swift */,
				10DEFA4129B25BCF008801B7 /* Content.swift */,
				10DEFA4329B25BE6008801B7 /* Page.swift */,
				10A5E08029CCAAB80001316C /* HSMSchedulerModel.swift */,
			);
			path = Models;
			sourceTree = "<group>";
		};
		10FE0F61299F606B0024EDEA /* Views */ = {
			isa = PBXGroup;
			children = (
				10FE0F63299F607D0024EDEA /* Custom Views */,
				10FE0F62299F60750024EDEA /* Controllers */,
			);
			path = Views;
			sourceTree = "<group>";
		};
		10FE0F62299F60750024EDEA /* Controllers */ = {
			isa = PBXGroup;
			children = (
				102E72AC29B3C20000989610 /* Main */,
				102E72A829B3BEE400989610 /* MainTabBarController.swift */,
			);
			path = Controllers;
			sourceTree = "<group>";
		};
		10FE0F63299F607D0024EDEA /* Custom Views */ = {
			isa = PBXGroup;
			children = (
				100704FE29C04CDB0061DF82 /* CustomVC */,
				102E72B229B44B1500989610 /* Label */,
				102E72AF29B4466D00989610 /* Cell */,
				1007050329C04D710061DF82 /* Views */,
				1007050A29C054D20061DF82 /* Button */,
			);
			path = "Custom Views";
			sourceTree = "<group>";
		};
/* End PBXGroup section */

/* Begin PBXNativeTarget section */
		107A450C299821FE0095413D /* Hisnul Muslim */ = {
			isa = PBXNativeTarget;
			buildConfigurationList = 107A4521299821FF0095413D /* Build configuration list for PBXNativeTarget "Hisnul Muslim" */;
			buildPhases = (
				107A4509299821FE0095413D /* Sources */,
				107A450A299821FE0095413D /* Frameworks */,
				107A450B299821FE0095413D /* Resources */,
			);
			buildRules = (
			);
			dependencies = (
			);
			name = "Hisnul Muslim";
			productName = "Hisnul Muslim";
			productReference = 107A450D299821FE0095413D /* Hisnul Muslim.app */;
			productType = "com.apple.product-type.application";
		};
/* End PBXNativeTarget section */

/* Begin PBXProject section */
		107A4505299821FE0095413D /* Project object */ = {
			isa = PBXProject;
			attributes = {
				BuildIndependentTargetsInParallel = 1;
				LastSwiftUpdateCheck = 1420;
				LastUpgradeCheck = 1420;
				TargetAttributes = {
					107A450C299821FE0095413D = {
						CreatedOnToolsVersion = 14.2;
					};
				};
			};
			buildConfigurationList = 107A4508299821FE0095413D /* Build configuration list for PBXProject "Hisnul Muslim" */;
			compatibilityVersion = "Xcode 14.0";
			developmentRegion = en;
			hasScannedForEncodings = 0;
			knownRegions = (
				en,
				Base,
			);
			mainGroup = 107A4504299821FE0095413D;
			productRefGroup = 107A450E299821FE0095413D /* Products */;
			projectDirPath = "";
			projectRoot = "";
			targets = (
				107A450C299821FE0095413D /* Hisnul Muslim */,
			);
		};
/* End PBXProject section */

/* Begin PBXResourcesBuildPhase section */
		107A450B299821FE0095413D /* Resources */ = {
			isa = PBXResourcesBuildPhase;
			buildActionMask = 2147483647;
			files = (
				107A451D299821FF0095413D /* LaunchScreen.storyboard in Resources */,
				107A451A299821FF0095413D /* Assets.xcassets in Resources */,
				102E72A729B3886A00989610 /* hisnul_muslim.json in Resources */,
			);
			runOnlyForDeploymentPostprocessing = 0;
		};
/* End PBXResourcesBuildPhase section */

/* Begin PBXSourcesBuildPhase section */
		107A4509299821FE0095413D /* Sources */ = {
			isa = PBXSourcesBuildPhase;
			buildActionMask = 2147483647;
			files = (
				10A5E08929CDC60F0001316C /* TableViewHeader.swift in Sources */,
				100704F529B870280061DF82 /* UIView+Ext.swift in Sources */,
				1007050929C054CE0061DF82 /* Button.swift in Sources */,
				1007050729C04DBC0061DF82 /* Constants.swift in Sources */,
				10A5E08329CCAD260001316C /* HSMSchedulersViewModel.swift in Sources */,
				1007051E29C72C2C0061DF82 /* String+Ext.swift in Sources */,
				107A4515299821FE0095413D /* HomeViewController.swift in Sources */,
				1007050E29C05F130061DF82 /* AdkarFavoritesListVC.swift in Sources */,
				1007051B29C728560061DF82 /* SchedulerNotificationViewController.swift in Sources */,
				102E72A529B286E700989610 /* HSMViewModel.swift in Sources */,
				100704F329B8687F0061DF82 /* DetailsCollectionViewCell.swift in Sources */,
				102E72AB29B3C1F900989610 /* SettingsViewController.swift in Sources */,
				102E72A929B3BEE400989610 /* MainTabBarController.swift in Sources */,
				1007050529C04D8C0061DF82 /* EmptyStateView.swift in Sources */,
				1007052029C7328B0061DF82 /* NotificationManager.swift in Sources */,
				10A5E08529CDB6620001316C /* SettingsCell.swift in Sources */,
				107A4511299821FE0095413D /* AppDelegate.swift in Sources */,
				1007051229C06B6A0061DF82 /* AdkarFavoriteCell.swift in Sources */,
				102E72B129B4469200989610 /* Label.swift in Sources */,
				1007050229C04D3D0061DF82 /* AlertContainerView.swift in Sources */,
				1007050C29C05DB40061DF82 /* UIVC+Ext.swift in Sources */,
				1007050029C04CF00061DF82 /* AlertVC.swift in Sources */,
				100704FD29BE4A440061DF82 /* PresentencyManager.swift in Sources */,
				10DEFA4429B25BE6008801B7 /* Page.swift in Sources */,
				10110DEA29D7C55A00A087E7 /* AboutViewController.swift in Sources */,
				10DEFA4229B25BCF008801B7 /* Content.swift in Sources */,
				10A5E08D29CE2AC20001316C /* SchedulersListCell.swift in Sources */,
				102E72AE29B4466A00989610 /* HisnulMuslimCell.swift in Sources */,
				10FE0F5D299F4F5D0024EDEA /* Bundle+Ext.swift in Sources */,
				10DEFA4029B25B6C008801B7 /* HisnulmuslimModel.swift in Sources */,
				10A5E08129CCAAB80001316C /* HSMSchedulerModel.swift in Sources */,
				100704F129B85DEA0061DF82 /* DetailsViewController.swift in Sources */,
				1007051029C069F60061DF82 /* DataLoading.swift in Sources */,
				10A5E08B29CE299B0001316C /* SchedulersListVC.swift in Sources */,
				102E72B429B51DFF00989610 /*  UITableView+Ext.swift in Sources */,
				10A5E07C29CB78CC0001316C /* CoreDataHelper.swift in Sources */,
				107A4513299821FE0095413D /* SceneDelegate.swift in Sources */,
				100704F729BB92930061DF82 /* UICollectionView.swift in Sources */,
				10A5E07F29CB814B0001316C /* HSMSchedulerNotifications.xcdatamodeld in Sources */,
			);
			runOnlyForDeploymentPostprocessing = 0;
		};
/* End PBXSourcesBuildPhase section */

/* Begin PBXVariantGroup section */
		107A451B299821FF0095413D /* LaunchScreen.storyboard */ = {
			isa = PBXVariantGroup;
			children = (
				107A451C299821FF0095413D /* Base */,
			);
			name = LaunchScreen.storyboard;
			sourceTree = "<group>";
		};
/* End PBXVariantGroup section */

/* Begin XCBuildConfiguration section */
		107A451F299821FF0095413D /* Debug */ = {
			isa = XCBuildConfiguration;
			buildSettings = {
				ALWAYS_SEARCH_USER_PATHS = NO;
				CLANG_ANALYZER_NONNULL = YES;
				CLANG_ANALYZER_NUMBER_OBJECT_CONVERSION = YES_AGGRESSIVE;
				CLANG_CXX_LANGUAGE_STANDARD = "gnu++20";
				CLANG_ENABLE_MODULES = YES;
				CLANG_ENABLE_OBJC_ARC = YES;
				CLANG_ENABLE_OBJC_WEAK = YES;
				CLANG_WARN_BLOCK_CAPTURE_AUTORELEASING = YES;
				CLANG_WARN_BOOL_CONVERSION = YES;
				CLANG_WARN_COMMA = YES;
				CLANG_WARN_CONSTANT_CONVERSION = YES;
				CLANG_WARN_DEPRECATED_OBJC_IMPLEMENTATIONS = YES;
				CLANG_WARN_DIRECT_OBJC_ISA_USAGE = YES_ERROR;
				CLANG_WARN_DOCUMENTATION_COMMENTS = YES;
				CLANG_WARN_EMPTY_BODY = YES;
				CLANG_WARN_ENUM_CONVERSION = YES;
				CLANG_WARN_INFINITE_RECURSION = YES;
				CLANG_WARN_INT_CONVERSION = YES;
				CLANG_WARN_NON_LITERAL_NULL_CONVERSION = YES;
				CLANG_WARN_OBJC_IMPLICIT_RETAIN_SELF = YES;
				CLANG_WARN_OBJC_LITERAL_CONVERSION = YES;
				CLANG_WARN_OBJC_ROOT_CLASS = YES_ERROR;
				CLANG_WARN_QUOTED_INCLUDE_IN_FRAMEWORK_HEADER = YES;
				CLANG_WARN_RANGE_LOOP_ANALYSIS = YES;
				CLANG_WARN_STRICT_PROTOTYPES = YES;
				CLANG_WARN_SUSPICIOUS_MOVE = YES;
				CLANG_WARN_UNGUARDED_AVAILABILITY = YES_AGGRESSIVE;
				CLANG_WARN_UNREACHABLE_CODE = YES;
				CLANG_WARN__DUPLICATE_METHOD_MATCH = YES;
				COPY_PHASE_STRIP = NO;
				DEBUG_INFORMATION_FORMAT = dwarf;
				ENABLE_STRICT_OBJC_MSGSEND = YES;
				ENABLE_TESTABILITY = YES;
				GCC_C_LANGUAGE_STANDARD = gnu11;
				GCC_DYNAMIC_NO_PIC = NO;
				GCC_NO_COMMON_BLOCKS = YES;
				GCC_OPTIMIZATION_LEVEL = 0;
				GCC_PREPROCESSOR_DEFINITIONS = (
					"DEBUG=1",
					"$(inherited)",
				);
				GCC_WARN_64_TO_32_BIT_CONVERSION = YES;
				GCC_WARN_ABOUT_RETURN_TYPE = YES_ERROR;
				GCC_WARN_UNDECLARED_SELECTOR = YES;
				GCC_WARN_UNINITIALIZED_AUTOS = YES_AGGRESSIVE;
				GCC_WARN_UNUSED_FUNCTION = YES;
				GCC_WARN_UNUSED_VARIABLE = YES;
				IPHONEOS_DEPLOYMENT_TARGET = 15.0;
				MTL_ENABLE_DEBUG_INFO = INCLUDE_SOURCE;
				MTL_FAST_MATH = YES;
				ONLY_ACTIVE_ARCH = YES;
				SDKROOT = iphoneos;
				SWIFT_ACTIVE_COMPILATION_CONDITIONS = DEBUG;
				SWIFT_OPTIMIZATION_LEVEL = "-Onone";
			};
			name = Debug;
		};
		107A4520299821FF0095413D /* Release */ = {
			isa = XCBuildConfiguration;
			buildSettings = {
				ALWAYS_SEARCH_USER_PATHS = NO;
				CLANG_ANALYZER_NONNULL = YES;
				CLANG_ANALYZER_NUMBER_OBJECT_CONVERSION = YES_AGGRESSIVE;
				CLANG_CXX_LANGUAGE_STANDARD = "gnu++20";
				CLANG_ENABLE_MODULES = YES;
				CLANG_ENABLE_OBJC_ARC = YES;
				CLANG_ENABLE_OBJC_WEAK = YES;
				CLANG_WARN_BLOCK_CAPTURE_AUTORELEASING = YES;
				CLANG_WARN_BOOL_CONVERSION = YES;
				CLANG_WARN_COMMA = YES;
				CLANG_WARN_CONSTANT_CONVERSION = YES;
				CLANG_WARN_DEPRECATED_OBJC_IMPLEMENTATIONS = YES;
				CLANG_WARN_DIRECT_OBJC_ISA_USAGE = YES_ERROR;
				CLANG_WARN_DOCUMENTATION_COMMENTS = YES;
				CLANG_WARN_EMPTY_BODY = YES;
				CLANG_WARN_ENUM_CONVERSION = YES;
				CLANG_WARN_INFINITE_RECURSION = YES;
				CLANG_WARN_INT_CONVERSION = YES;
				CLANG_WARN_NON_LITERAL_NULL_CONVERSION = YES;
				CLANG_WARN_OBJC_IMPLICIT_RETAIN_SELF = YES;
				CLANG_WARN_OBJC_LITERAL_CONVERSION = YES;
				CLANG_WARN_OBJC_ROOT_CLASS = YES_ERROR;
				CLANG_WARN_QUOTED_INCLUDE_IN_FRAMEWORK_HEADER = YES;
				CLANG_WARN_RANGE_LOOP_ANALYSIS = YES;
				CLANG_WARN_STRICT_PROTOTYPES = YES;
				CLANG_WARN_SUSPICIOUS_MOVE = YES;
				CLANG_WARN_UNGUARDED_AVAILABILITY = YES_AGGRESSIVE;
				CLANG_WARN_UNREACHABLE_CODE = YES;
				CLANG_WARN__DUPLICATE_METHOD_MATCH = YES;
				COPY_PHASE_STRIP = NO;
				DEBUG_INFORMATION_FORMAT = "dwarf-with-dsym";
				ENABLE_NS_ASSERTIONS = NO;
				ENABLE_STRICT_OBJC_MSGSEND = YES;
				GCC_C_LANGUAGE_STANDARD = gnu11;
				GCC_NO_COMMON_BLOCKS = YES;
				GCC_WARN_64_TO_32_BIT_CONVERSION = YES;
				GCC_WARN_ABOUT_RETURN_TYPE = YES_ERROR;
				GCC_WARN_UNDECLARED_SELECTOR = YES;
				GCC_WARN_UNINITIALIZED_AUTOS = YES_AGGRESSIVE;
				GCC_WARN_UNUSED_FUNCTION = YES;
				GCC_WARN_UNUSED_VARIABLE = YES;
				IPHONEOS_DEPLOYMENT_TARGET = 15.0;
				MTL_ENABLE_DEBUG_INFO = NO;
				MTL_FAST_MATH = YES;
				SDKROOT = iphoneos;
				SWIFT_COMPILATION_MODE = wholemodule;
				SWIFT_OPTIMIZATION_LEVEL = "-O";
				VALIDATE_PRODUCT = YES;
			};
			name = Release;
		};
		107A4522299821FF0095413D /* Debug */ = {
			isa = XCBuildConfiguration;
			buildSettings = {
				ASSETCATALOG_COMPILER_APPICON_NAME = AppIcon;
				ASSETCATALOG_COMPILER_GLOBAL_ACCENT_COLOR_NAME = AccentColor;
				CODE_SIGN_ENTITLEMENTS = "Hisnul Muslim/Hisnul Muslim.entitlements";
				CODE_SIGN_STYLE = Automatic;
				CURRENT_PROJECT_VERSION = 1;
				DEVELOPMENT_TEAM = 4QS25S2FVW;
				GENERATE_INFOPLIST_FILE = YES;
				INFOPLIST_FILE = "Hisnul Muslim/Info.plist";
				INFOPLIST_KEY_CFBundleDisplayName = "Hisnul Muslim";
				INFOPLIST_KEY_LSApplicationCategoryType = "public.app-category.books";
				INFOPLIST_KEY_UIApplicationSupportsIndirectInputEvents = YES;
				INFOPLIST_KEY_UILaunchStoryboardName = LaunchScreen;
				INFOPLIST_KEY_UISupportedInterfaceOrientations_iPad = "UIInterfaceOrientationPortrait UIInterfaceOrientationPortraitUpsideDown UIInterfaceOrientationLandscapeLeft UIInterfaceOrientationLandscapeRight";
				INFOPLIST_KEY_UISupportedInterfaceOrientations_iPhone = "UIInterfaceOrientationPortrait UIInterfaceOrientationLandscapeLeft UIInterfaceOrientationLandscapeRight";
				IPHONEOS_DEPLOYMENT_TARGET = 15.0;
				LD_RUNPATH_SEARCH_PATHS = (
					"$(inherited)",
					"@executable_path/Frameworks",
				);
				MARKETING_VERSION = 1.0;
				PRODUCT_BUNDLE_IDENTIFIER = "com.abdorizak.Hisnul-Muslim";
				PRODUCT_NAME = "$(TARGET_NAME)";
				SUPPORTED_PLATFORMS = "iphoneos iphonesimulator";
				SUPPORTS_MACCATALYST = NO;
				SUPPORTS_MAC_DESIGNED_FOR_IPHONE_IPAD = NO;
				SWIFT_EMIT_LOC_STRINGS = YES;
				SWIFT_VERSION = 5.0;
				TARGETED_DEVICE_FAMILY = "1,2";
			};
			name = Debug;
		};
		107A4523299821FF0095413D /* Release */ = {
			isa = XCBuildConfiguration;
			buildSettings = {
				ASSETCATALOG_COMPILER_APPICON_NAME = AppIcon;
				ASSETCATALOG_COMPILER_GLOBAL_ACCENT_COLOR_NAME = AccentColor;
				CODE_SIGN_ENTITLEMENTS = "Hisnul Muslim/Hisnul Muslim.entitlements";
				CODE_SIGN_STYLE = Automatic;
				CURRENT_PROJECT_VERSION = 1;
				DEVELOPMENT_TEAM = 4QS25S2FVW;
				GENERATE_INFOPLIST_FILE = YES;
				INFOPLIST_FILE = "Hisnul Muslim/Info.plist";
				INFOPLIST_KEY_CFBundleDisplayName = "Hisnul Muslim";
				INFOPLIST_KEY_LSApplicationCategoryType = "public.app-category.books";
				INFOPLIST_KEY_UIApplicationSupportsIndirectInputEvents = YES;
				INFOPLIST_KEY_UILaunchStoryboardName = LaunchScreen;
				INFOPLIST_KEY_UISupportedInterfaceOrientations_iPad = "UIInterfaceOrientationPortrait UIInterfaceOrientationPortraitUpsideDown UIInterfaceOrientationLandscapeLeft UIInterfaceOrientationLandscapeRight";
				INFOPLIST_KEY_UISupportedInterfaceOrientations_iPhone = "UIInterfaceOrientationPortrait UIInterfaceOrientationLandscapeLeft UIInterfaceOrientationLandscapeRight";
				IPHONEOS_DEPLOYMENT_TARGET = 15.0;
				LD_RUNPATH_SEARCH_PATHS = (
					"$(inherited)",
					"@executable_path/Frameworks",
				);
				MARKETING_VERSION = 1.0;
				PRODUCT_BUNDLE_IDENTIFIER = "com.abdorizak.Hisnul-Muslim";
				PRODUCT_NAME = "$(TARGET_NAME)";
				SUPPORTED_PLATFORMS = "iphoneos iphonesimulator";
				SUPPORTS_MACCATALYST = NO;
				SUPPORTS_MAC_DESIGNED_FOR_IPHONE_IPAD = NO;
				SWIFT_EMIT_LOC_STRINGS = YES;
				SWIFT_VERSION = 5.0;
				TARGETED_DEVICE_FAMILY = "1,2";
			};
			name = Release;
		};
/* End XCBuildConfiguration section */

/* Begin XCConfigurationList section */
		107A4508299821FE0095413D /* Build configuration list for PBXProject "Hisnul Muslim" */ = {
			isa = XCConfigurationList;
			buildConfigurations = (
				107A451F299821FF0095413D /* Debug */,
				107A4520299821FF0095413D /* Release */,
			);
			defaultConfigurationIsVisible = 0;
			defaultConfigurationName = Release;
		};
		107A4521299821FF0095413D /* Build configuration list for PBXNativeTarget "Hisnul Muslim" */ = {
			isa = XCConfigurationList;
			buildConfigurations = (
				107A4522299821FF0095413D /* Debug */,
				107A4523299821FF0095413D /* Release */,
			);
			defaultConfigurationIsVisible = 0;
			defaultConfigurationName = Release;
		};
/* End XCConfigurationList section */

/* Begin XCVersionGroup section */
		10A5E07D29CB814B0001316C /* HSMSchedulerNotifications.xcdatamodeld */ = {
			isa = XCVersionGroup;
			children = (
				10A5E07E29CB814B0001316C /* HSMSchedulerNotifications.xcdatamodel */,
			);
			currentVersion = 10A5E07E29CB814B0001316C /* HSMSchedulerNotifications.xcdatamodel */;
			path = HSMSchedulerNotifications.xcdatamodeld;
			sourceTree = "<group>";
			versionGroupType = wrapper.xcdatamodel;
		};
/* End XCVersionGroup section */
	};
	rootObject = 107A4505299821FE0095413D /* Project object */;
}
